hash: c1a6fe42c2e0796f29822018134adc2401292b654fec58b7d790daafceec2585
updated: 2019-04-03T12:27:32.117314051-07:00
imports:
- name: cloud.google.com/go
  version: 793297ec250352b0ece46e103381a0fc3dab95a1
  subpackages:
  - compute/metadata
- name: github.com/asaskevich/govalidator
  version: f9ffefc3facfbe0caee3fea233cbb6e8208f4541
- name: github.com/Beldur/kraken-go-api-client
  version: 8d8ccfe4cc60d1703ffe596c889b887a318a884c
- name: github.com/BurntSushi/toml
  version: 99064174e013895bbd9b025c31100bd1d9b590ca
- name: github.com/davecgh/go-spew
  version: 6d212800a42e8ab5c146b8ace3490ee17e5225f9
  subpackages:
  - spew
- name: github.com/go-errors/errors
  version: a41850380601eeb43f4350f7d17c6bbd8944aaf8
- name: github.com/golang/protobuf
  version: d3de96c4c28ef8af3aa1a892fc481e0f103c01ff
  subpackages:
  - proto
- name: github.com/google/go-querystring
  version: 44c6ddd0a2342c386950e880b658017258da92fc
  subpackages:
  - query
- name: github.com/inconshreveable/mousetrap
  version: 76626ae9c91c4f2a10f34cad8ce83ea42c93bb75
- name: github.com/kr/pretty
  version: e6ac2fc51e89a3249e82157fa0bb7a18ef9dd5bb
- name: github.com/kr/session
  version: 6f756089c21ec9a4ceb14473bf90d5e3a3e9e303
- name: github.com/kr/text
  version: e373e137fafd8abd480af49182dea0513914adb4
- name: github.com/lechengfan/googleauth
  version: 7595ba02fbce171759c10d69d96e4cd898d1fa93
- name: github.com/lib/pq
  version: 50761b0867bd1d9d069276790bcd4a3bccf2324a
  subpackages:
  - oid
- name: github.com/magiconair/properties
  version: 359442d561ca28acd0fe503aa9f075f505bc9ed0
- name: github.com/manucorporat/sse
  version: ee05b128a739a0fb76c7ebd3ae4810c1de808d6d
- name: github.com/mitchellh/mapstructure
  version: 3536a929edddb9a5b34bd6861dc4a9647cb459fe
- name: github.com/nikhilsaraf/go-tools
  version: a26df67722de7fcf1a8e22cd934e63e553dd3875
  subpackages:
  - multithreading
- name: github.com/PagerDuty/go-pagerduty
  version: 635c5ce271490fba94880e62cde4eea3c1c184b9
- name: github.com/pkg/errors
  version: 645ef00459ed84a119197bfb8d8205042c6df63d
- name: github.com/pmezard/go-difflib
  version: d8ed2627bdf02c080bf22230dbb337003b7aba2d
  subpackages:
  - difflib
- name: github.com/segmentio/go-loggly
  version: eb91657e62b25699dd4e84d5562735440d4beace
- name: github.com/sirupsen/logrus
  version: 070c81def33f6362a8267b6a4e56fb7bf23fc6b5
  subpackages:
  - hooks/test
- name: github.com/spf13/cast
  version: 4d07383ffe94b5e5a6fa3af9211374a4507a0184
- name: github.com/spf13/cobra
  version: 7b2c5ac9fc04fc5efafb60700713d4fa609b777b
- name: github.com/spf13/jwalterweatherman
  version: 3d60171a64319ef63c78bd45bd60e6eab1e75f8b
- name: github.com/spf13/pflag
  version: e57e3eeb33f795204c1ca35f56c44f83227c6e66
- name: github.com/spf13/viper
  version: db7ff930a189b98d602179d9001d33345f42b8c7
- name: github.com/stellar/go
  version: a45d1ae036357adf337060c7b15dbe9abc235025
  subpackages:
  - amount
  - build
  - clients/horizon
  - crc16
  - exp/clients/horizon
  - hash
  - keypair
  - network
  - price
  - protocols/horizon
  - protocols/horizon/base
  - protocols/horizon/effects
  - protocols/horizon/operations
  - strkey
  - support/app
  - support/config
  - support/errors
  - support/http/mutil
  - support/log
  - support/render/hal
  - support/render/problem
  - support/strutils
  - support/url
  - xdr
- name: github.com/stellar/go-xdr
  version: 0bc96f33a18ef2f963e75431dbed042129eb421b
  subpackages:
  - xdr3
- name: github.com/stretchr/objx
  version: cbeaeb16a013161a98496fad62933b1d21786672
- name: github.com/stretchr/testify
  version: 976c720a22c8eb4eb6a0b4348ad85ad12491a506
  subpackages:
  - assert
  - mock
- name: golang.org/x/crypto
  version: 2509b142fb2b797aa7587dad548f113b2c0f20ce
  subpackages:
  - ed25519
  - ed25519/internal/edwards25519
  - nacl/secretbox
  - poly1305
  - salsa20/salsa
  - ssh/terminal
- name: golang.org/x/net
  version: 9b4f9f5ad5197c79fd623a3638e70d8b26cef344
  subpackages:
  - context
  - context/ctxhttp
- name: golang.org/x/oauth2
  version: 9dcd33a902f40452422c2367fefcb95b54f9f8f8
  subpackages:
  - google
  - internal
  - jws
  - jwt
- name: golang.org/x/sys
  version: 6c81ef8f67ca3f42fc9cd71dfbd5f35b0c4b5771
  subpackages:
  - unix
  - windows
- name: google.golang.org/appengine
  version: ae0ab99deb4dc413a2b4bd6c8bdd0eb67f1e4d06
  subpackages:
  - internal
  - internal/app_identity
  - internal/base
  - internal/datastore
  - internal/log
  - internal/modules
  - internal/remote_api
  - internal/urlfetch
  - urlfetch
- name: gopkg.in/yaml.v2
  version: 7ad95dd0798a40da1ccdff6dff35fd177b5edf40
testImports: []
