hash: f8cc11e83686356eb23f324585db062a00477b9b78628a7c6aadb773335872da
updated: 2018-11-13T20:04:24.839484236-08:00
imports:
- name: cloud.google.com/go
  version: 793297ec250352b0ece46e103381a0fc3dab95a1
  subpackages:
  - compute/metadata
- name: github.com/agl/ed25519
  version: 278e1ec8e8a6e017cd07577924d6766039146ced
  subpackages:
  - edwards25519
- name: github.com/asaskevich/govalidator
  version: f9ffefc3facfbe0caee3fea233cbb6e8208f4541
- name: github.com/Beldur/kraken-go-api-client
  version: 8d8ccfe4cc60d1703ffe596c889b887a318a884c
- name: github.com/BurntSushi/toml
  version: 99064174e013895bbd9b025c31100bd1d9b590ca
- name: github.com/davecgh/go-spew
  version: 6d212800a42e8ab5c146b8ace3490ee17e5225f9
  subpackages:
  - spew
- name: github.com/go-errors/errors
  version: a41850380601eeb43f4350f7d17c6bbd8944aaf8
- name: github.com/golang/protobuf
  version: d3de96c4c28ef8af3aa1a892fc481e0f103c01ff
  subpackages:
  - proto
- name: github.com/google/go-querystring
  version: 44c6ddd0a2342c386950e880b658017258da92fc
  subpackages:
  - query
- name: github.com/inconshreveable/mousetrap
  version: 76626ae9c91c4f2a10f34cad8ce83ea42c93bb75
- name: github.com/kr/session
  version: 6f756089c21ec9a4ceb14473bf90d5e3a3e9e303
- name: github.com/lechengfan/googleauth
  version: 722d91dabd57bee7ad3a35c3d642f4c3f90a3826
- name: github.com/lib/pq
  version: 50761b0867bd1d9d069276790bcd4a3bccf2324a
  subpackages:
  - oid
- name: github.com/manucorporat/sse
  version: ee05b128a739a0fb76c7ebd3ae4810c1de808d6d
- name: github.com/nikhilsaraf/go-tools
  version: bcfd18c97e1cdae3aa432337bb17d3927c3e4fc0
- name: github.com/nullstyle/go-xdr
  version: a875e7c9fa2388ce03279f6b5ba1c2ccd1f9e917
  subpackages:
  - xdr3
- name: github.com/PagerDuty/go-pagerduty
  version: 635c5ce271490fba94880e62cde4eea3c1c184b9
- name: github.com/pkg/errors
  version: 645ef00459ed84a119197bfb8d8205042c6df63d
- name: github.com/pmezard/go-difflib
  version: d8ed2627bdf02c080bf22230dbb337003b7aba2d
  subpackages:
  - difflib
- name: github.com/segmentio/go-loggly
  version: eb91657e62b25699dd4e84d5562735440d4beace
- name: github.com/sirupsen/logrus
  version: 68cec9f21fbf3ea8d8f98c044bc6ce05f17b267a
  subpackages:
  - hooks/test
- name: github.com/spf13/cobra
  version: 7b2c5ac9fc04fc5efafb60700713d4fa609b777b
- name: github.com/spf13/pflag
  version: e57e3eeb33f795204c1ca35f56c44f83227c6e66
- name: github.com/stellar/go
  version: 5bbd27814a3ffca9aeffcbd75a09a6164959776a
  subpackages:
  - amount
  - build
  - clients/horizon
  - crc16
  - hash
  - keypair
  - network
  - price
  - protocols/horizon
  - protocols/horizon/base
  - strkey
  - support/config
  - support/errors
  - support/http/mutil
  - support/log
  - support/render/hal
  - support/render/problem
  - support/url
  - xdr
- name: github.com/stretchr/objx
  version: cbeaeb16a013161a98496fad62933b1d21786672
- name: github.com/stretchr/testify
  version: 976c720a22c8eb4eb6a0b4348ad85ad12491a506
  subpackages:
  - assert
  - mock
- name: golang.org/x/crypto
  version: e84da0312774c21d64ee2317962ef669b27ffb41
  subpackages:
  - internal/subtle
  - nacl/secretbox
  - poly1305
  - salsa20/salsa
- name: golang.org/x/net
  version: 9b4f9f5ad5197c79fd623a3638e70d8b26cef344
  subpackages:
  - context
  - context/ctxhttp
- name: golang.org/x/oauth2
  version: 9dcd33a902f40452422c2367fefcb95b54f9f8f8
  subpackages:
  - google
  - internal
  - jws
  - jwt
- name: golang.org/x/sys
  version: 1f5e250e1174502017917628cc48b52fdc25b531
  subpackages:
  - unix
- name: google.golang.org/appengine
  version: ae0ab99deb4dc413a2b4bd6c8bdd0eb67f1e4d06
  subpackages:
  - internal
  - internal/app_identity
  - internal/base
  - internal/datastore
  - internal/log
  - internal/modules
  - internal/remote_api
  - internal/urlfetch
  - urlfetch
testImports: []
